
Microsoft Visual Studio Solution File, Format Version 12.00
# Visual Studio Version 16
VisualStudioVersion = 16.0.29820.132
MinimumVisualStudioVersion = 10.0.40219.1
Project("{FAE04EC0-301F-11D3-BF4B-00C04F79EFBC}") = "AlambikFC.Common", "AlambikFC.Common\AlambikFC.Common.csproj", "{0BC2A59F-B480-4EBF-AA69-EDC55514B022}"
EndProject
Project("{FAE04EC0-301F-11D3-BF4B-00C04F79EFBC}") = "AlambikFC.Web", "AlambikFC.Web\AlambikFC.Web.csproj", "{A051EAD6-BED7-4CD3-A3BD-E4C2B0D1695E}"
EndProject
Project("{FAE04EC0-301F-11D3-BF4B-00C04F79EFBC}") = "AlambikFC.Forms.Android", "AlambikFC.Forms\AlambikFC.Forms.Android\AlambikFC.Forms.Android.csproj", "{31F3BE34-D89A-4998-8BBA-2CFDC6F9D411}"
EndProject
Project("{FAE04EC0-301F-11D3-BF4B-00C04F79EFBC}") = "AlambikFC.Forms.iOS", "AlambikFC.Forms\AlambikFC.Forms.iOS\AlambikFC.Forms.iOS.csproj", "{B079A719-282B-4B17-8DE8-7609E7C0E662}"
EndProject
Project("{FAE04EC0-301F-11D3-BF4B-00C04F79EFBC}") = "AlambikFC.Forms", "AlambikFC.Forms\AlambikFC.Forms\AlambikFC.Forms.csproj", "{58083A05-C2D5-4ECA-9141-CB4C860E320C}"
EndProject
Global
	GlobalSection(SolutionConfigurationPlatforms) = preSolution
		Debug|Any CPU = Debug|Any CPU
		Debug|iPhone = Debug|iPhone
		Debug|iPhoneSimulator = Debug|iPhoneSimulator
		Release|Any CPU = Release|Any CPU
		Release|iPhone = Release|iPhone
		Release|iPhoneSimulator = Release|iPhoneSimulator
	EndGlobalSection
	GlobalSection(ProjectConfigurationPlatforms) = postSolution
		{0BC2A59F-B480-4EBF-AA69-EDC55514B022}.Debug|Any CPU.ActiveCfg = Debug|Any CPU
		{0BC2A59F-B480-4EBF-AA69-EDC55514B022}.Debug|Any CPU.Build.0 = Debug|Any CPU
		{0BC2A59F-B480-4EBF-AA69-EDC55514B022}.Debug|iPhone.ActiveCfg = Debug|Any CPU
		{0BC2A59F-B480-4EBF-AA69-EDC55514B022}.Debug|iPhone.Build.0 = Debug|Any CPU
		{0BC2A59F-B480-4EBF-AA69-EDC55514B022}.Debug|iPhoneSimulator.ActiveCfg = Debug|Any CPU
		{0BC2A59F-B480-4EBF-AA69-EDC55514B022}.Debug|iPhoneSimulator.Build.0 = Debug|Any CPU
		{0BC2A59F-B480-4EBF-AA69-EDC55514B022}.Release|Any CPU.ActiveCfg = Release|Any CPU
		{0BC2A59F-B480-4EBF-AA69-EDC55514B022}.Release|Any CPU.Build.0 = Release|Any CPU
		{0BC2A59F-B480-4EBF-AA69-EDC55514B022}.Release|iPhone.ActiveCfg = Release|Any CPU
		{0BC2A59F-B480-4EBF-AA69-EDC55514B022}.Release|iPhone.Build.0 = Release|Any CPU
		{0BC2A59F-B480-4EBF-AA69-EDC55514B022}.Release|iPhoneSimulator.ActiveCfg = Release|Any CPU
		{0BC2A59F-B480-4EBF-AA69-EDC55514B022}.Release|iPhoneSimulator.Build.0 = Release|Any CPU
		{A051EAD6-BED7-4CD3-A3BD-E4C2B0D1695E}.Debug|Any CPU.ActiveCfg = Debug|Any CPU
		{A051EAD6-BED7-4CD3-A3BD-E4C2B0D1695E}.Debug|Any CPU.Build.0 = Debug|Any CPU
		{A051EAD6-BED7-4CD3-A3BD-E4C2B0D1695E}.Debug|iPhone.ActiveCfg = Debug|Any CPU
		{A051EAD6-BED7-4CD3-A3BD-E4C2B0D1695E}.Debug|iPhone.Build.0 = Debug|Any CPU
		{A051EAD6-BED7-4CD3-A3BD-E4C2B0D1695E}.Debug|iPhoneSimulator.ActiveCfg = Debug|Any CPU
		{A051EAD6-BED7-4CD3-A3BD-E4C2B0D1695E}.Debug|iPhoneSimulator.Build.0 = Debug|Any CPU
		{A051EAD6-BED7-4CD3-A3BD-E4C2B0D1695E}.Release|Any CPU.ActiveCfg = Release|Any CPU
		{A051EAD6-BED7-4CD3-A3BD-E4C2B0D1695E}.Release|Any CPU.Build.0 = Release|Any CPU
		{A051EAD6-BED7-4CD3-A3BD-E4C2B0D1695E}.Release|iPhone.ActiveCfg = Release|Any CPU
		{A051EAD6-BED7-4CD3-A3BD-E4C2B0D1695E}.Release|iPhone.Build.0 = Release|Any CPU
		{A051EAD6-BED7-4CD3-A3BD-E4C2B0D1695E}.Release|iPhoneSimulator.ActiveCfg = Release|Any CPU
		{A051EAD6-BED7-4CD3-A3BD-E4C2B0D1695E}.Release|iPhoneSimulator.Build.0 = Release|Any CPU
		{31F3BE34-D89A-4998-8BBA-2CFDC6F9D411}.Debug|Any CPU.ActiveCfg = Debug|Any CPU
		{31F3BE34-D89A-4998-8BBA-2CFDC6F9D411}.Debug|Any CPU.Build.0 = Debug|Any CPU
		{31F3BE34-D89A-4998-8BBA-2CFDC6F9D411}.Debug|Any CPU.Deploy.0 = Debug|Any CPU
		{31F3BE34-D89A-4998-8BBA-2CFDC6F9D411}.Debug|iPhone.ActiveCfg = Debug|Any CPU
		{31F3BE34-D89A-4998-8BBA-2CFDC6F9D411}.Debug|iPhone.Build.0 = Debug|Any CPU
		{31F3BE34-D89A-4998-8BBA-2CFDC6F9D411}.Debug|iPhone.Deploy.0 = Debug|Any CPU
		{31F3BE34-D89A-4998-8BBA-2CFDC6F9D411}.Debug|iPhoneSimulator.ActiveCfg = Debug|Any CPU
		{31F3BE34-D89A-4998-8BBA-2CFDC6F9D411}.Debug|iPhoneSimulator.Build.0 = Debug|Any CPU
		{31F3BE34-D89A-4998-8BBA-2CFDC6F9D411}.Debug|iPhoneSimulator.Deploy.0 = Debug|Any CPU
		{31F3BE34-D89A-4998-8BBA-2CFDC6F9D411}.Release|Any CPU.ActiveCfg = Release|Any CPU
		{31F3BE34-D89A-4998-8BBA-2CFDC6F9D411}.Release|Any CPU.Build.0 = Release|Any CPU
		{31F3BE34-D89A-4998-8BBA-2CFDC6F9D411}.Release|Any CPU.Deploy.0 = Release|Any CPU
		{31F3BE34-D89A-4998-8BBA-2CFDC6F9D411}.Release|iPhone.ActiveCfg = Release|Any CPU
		{31F3BE34-D89A-4998-8BBA-2CFDC6F9D411}.Release|iPhone.Build.0 = Release|Any CPU
		{31F3BE34-D89A-4998-8BBA-2CFDC6F9D411}.Release|iPhone.Deploy.0 = Release|Any CPU
		{31F3BE34-D89A-4998-8BBA-2CFDC6F9D411}.Release|iPhoneSimulator.ActiveCfg = Release|Any CPU
		{31F3BE34-D89A-4998-8BBA-2CFDC6F9D411}.Release|iPhoneSimulator.Build.0 = Release|Any CPU
		{31F3BE34-D89A-4998-8BBA-2CFDC6F9D411}.Release|iPhoneSimulator.Deploy.0 = Release|Any CPU
		{B079A719-282B-4B17-8DE8-7609E7C0E662}.Debug|Any CPU.ActiveCfg = Debug|iPhone
		{B079A719-282B-4B17-8DE8-7609E7C0E662}.Debug|iPhone.ActiveCfg = Debug|iPhone
		{B079A719-282B-4B17-8DE8-7609E7C0E662}.Debug|iPhone.Build.0 = Debug|iPhone
		{B079A719-282B-4B17-8DE8-7609E7C0E662}.Debug|iPhoneSimulator.ActiveCfg = Debug|iPhoneSimulator
		{B079A719-282B-4B17-8DE8-7609E7C0E662}.Debug|iPhoneSimulator.Build.0 = Debug|iPhoneSimulator
		{B079A719-282B-4B17-8DE8-7609E7C0E662}.Release|Any CPU.ActiveCfg = Release|iPhone
		{B079A719-282B-4B17-8DE8-7609E7C0E662}.Release|iPhone.ActiveCfg = Release|iPhone
		{B079A719-282B-4B17-8DE8-7609E7C0E662}.Release|iPhone.Build.0 = Release|iPhone
		{B079A719-282B-4B17-8DE8-7609E7C0E662}.Release|iPhoneSimulator.ActiveCfg = Release|iPhoneSimulator
		{B079A719-282B-4B17-8DE8-7609E7C0E662}.Release|iPhoneSimulator.Build.0 = Release|iPhoneSimulator
		{58083A05-C2D5-4ECA-9141-CB4C860E320C}.Debug|Any CPU.ActiveCfg = Debug|Any CPU
		{58083A05-C2D5-4ECA-9141-CB4C860E320C}.Debug|Any CPU.Build.0 = Debug|Any CPU
		{58083A05-C2D5-4ECA-9141-CB4C860E320C}.Debug|iPhone.ActiveCfg = Debug|Any CPU
		{58083A05-C2D5-4ECA-9141-CB4C860E320C}.Debug|iPhone.Build.0 = Debug|Any CPU
		{58083A05-C2D5-4ECA-9141-CB4C860E320C}.Debug|iPhoneSimulator.ActiveCfg = Debug|Any CPU
		{58083A05-C2D5-4ECA-9141-CB4C860E320C}.Debug|iPhoneSimulator.Build.0 = Debug|Any CPU
		{58083A05-C2D5-4ECA-9141-CB4C860E320C}.Release|Any CPU.ActiveCfg = Release|Any CPU
		{58083A05-C2D5-4ECA-9141-CB4C860E320C}.Release|Any CPU.Build.0 = Release|Any CPU
		{58083A05-C2D5-4ECA-9141-CB4C860E320C}.Release|iPhone.ActiveCfg = Release|Any CPU
		{58083A05-C2D5-4ECA-9141-CB4C860E320C}.Release|iPhone.Build.0 = Release|Any CPU
		{58083A05-C2D5-4ECA-9141-CB4C860E320C}.Release|iPhoneSimulator.ActiveCfg = Release|Any CPU
		{58083A05-C2D5-4ECA-9141-CB4C860E320C}.Release|iPhoneSimulator.Build.0 = Release|Any CPU
	EndGlobalSection
	GlobalSection(SolutionProperties) = preSolution
		HideSolutionNode = FALSE
	EndGlobalSection
	GlobalSection(ExtensibilityGlobals) = postSolution
		SolutionGuid = {04CCC22A-6F39-4C95-A537-3F7982522A7C}
	EndGlobalSection
EndGlobal
